version = 1
revision = 3
requires-python = ">=3.9"
resolution-markers = [
    "python_full_version >= '3.10'",
    "python_full_version < '3.10'",
]

[[package]]
name = "appdirs"
version = "1.4.4"
source = { registry = "https://pypi.org/simple" }
sdist = { url = "https://files.pythonhosted.org/packages/d7/d8/05696357e0311f5b5c316d7b95f46c669dd9c15aaeecbb48c7d0aeb88c40/appdirs-1.4.4.tar.gz", hash = "sha256:7d5d0167b2b1ba821647616af46a749d1c653740dd0d2415100fe26e27afdf41", size = 13470, upload-time = "2020-05-11T07:59:51.037Z" }
wheels = [
    { url = "https://files.pythonhosted.org/packages/3b/00/2344469e2084fb287c2e0b57b72910309874c3245463acd6cf5e3db69324/appdirs-1.4.4-py2.py3-none-any.whl", hash = "sha256:a841dacd6b99318a741b166adb07e19ee71a274450e68237b4650ca1055ab128", size = 9566, upload-time = "2020-05-11T07:59:49.499Z" },
]

[[package]]
name = "fs"
version = "2.4.16"
source = { registry = "https://pypi.org/simple" }
dependencies = [
    { name = "appdirs" },
    { name = "setuptools" },
    { name = "six" },
]
sdist = { url = "https://files.pythonhosted.org/packages/5d/a9/af5bfd5a92592c16cdae5c04f68187a309be8a146b528eac3c6e30edbad2/fs-2.4.16.tar.gz", hash = "sha256:ae97c7d51213f4b70b6a958292530289090de3a7e15841e108fbe144f069d313", size = 187441, upload-time = "2022-05-02T09:25:54.22Z" }
wheels = [
    { url = "https://files.pythonhosted.org/packages/b9/5c/a3d95dc1ec6cdeb032d789b552ecc76effa3557ea9186e1566df6aac18df/fs-2.4.16-py2.py3-none-any.whl", hash = "sha256:660064febbccda264ae0b6bace80a8d1be9e089e0a5eb2427b7d517f9a91545c", size = 135261, upload-time = "2022-05-02T09:25:52.363Z" },
]

[[package]]
name = "importlib-metadata"
version = "8.7.1"
source = { registry = "https://pypi.org/simple" }
resolution-markers = [
    "python_full_version < '3.10'",
]
dependencies = [
    { name = "zipp", version = "3.23.1", source = { registry = "https://pypi.org/simple" }, marker = "python_full_version < '3.10'" },
]
sdist = { url = "https://files.pythonhosted.org/packages/f3/49/3b30cad09e7771a4982d9975a8cbf64f00d4a1ececb53297f1d9a7be1b10/importlib_metadata-8.7.1.tar.gz", hash = "sha256:49fef1ae6440c182052f407c8d34a68f72efc36db9ca90dc0113398f2fdde8bb", size = 57107, upload-time = "2025-12-21T10:00:19.278Z" }
wheels = [
    { url = "https://files.pythonhosted.org/packages/fa/5e/f8e9a1d23b9c20a551a8a02ea3637b4642e22c2626e3a13a9a29cdea99eb/importlib_metadata-8.7.1-py3-none-any.whl", hash = "sha256:5a1f80bf1daa489495071efbb095d75a634cf28a8bc299581244063b53176151", size = 27865, upload-time = "2025-12-21T10:00:18.329Z" },
]

[[package]]
name = "importlib-metadata"
version = "9.0.0"
source = { registry = "https://pypi.org/simple" }
resolution-markers = [
    "python_full_version >= '3.10'",
]
dependencies = [
    { name = "zipp", version = "4.1.0", source = { registry = "https://pypi.org/simple" }, marker = "python_full_version >= '3.10'" },
]
sdist = { url = "https://files.pythonhosted.org/packages/a9/01/15bb152d77b21318514a96f43af312635eb2500c96b55398d020c93d86ea/importlib_metadata-9.0.0.tar.gz", hash = "sha256:a4f57ab599e6a2e3016d7595cfd72eb4661a5106e787a95bcc90c7105b831efc", size = 56405, upload-time = "2026-03-20T06:42:56.999Z" }
wheels = [
    { url = "https://files.pythonhosted.org/packages/38/3d/2d244233ac4f76e38533cfcb2991c9eb4c7bf688ae0a036d30725b8faafe/importlib_metadata-9.0.0-py3-none-any.whl", hash = "sha256:2d21d1cc5a017bd0559e36150c21c830ab1dc304dedd1b7ea85d20f45ef3edd7", size = 27789, upload-time = "2026-03-20T06:42:55.665Z" },
]

[[package]]
name = "ply"
version = "3.11"
source = { registry = "https://pypi.org/simple" }
sdist = { url = "https://files.pythonhosted.org/packages/e5/69/882ee5c9d017149285cab114ebeab373308ef0f874fcdac9beb90e0ac4da/ply-3.11.tar.gz", hash = "sha256:00c7c1aaa88358b9c765b6d3000c6eec0ba42abca5351b095321aef446081da3", size = 159130, upload-time = "2018-02-15T19:01:31.097Z" }
wheels = [
    { url = "https://files.pythonhosted.org/packages/a3/58/35da89ee790598a0700ea49b2a66594140f44dec458c07e8e3d4979137fc/ply-3.11-py2.py3-none-any.whl", hash = "sha256:096f9b8350b65ebd2fd1346b12452efe5b9607f7482813ffca50c22722a807ce", size = 49567, upload-time = "2018-02-15T19:01:27.172Z" },
]

[[package]]
name = "relic-tool-core"
version = "2.4.0"
source = { registry = "https://pypi.org/simple" }
dependencies = [
    { name = "importlib-metadata", version = "8.7.1", source = { registry = "https://pypi.org/simple" }, marker = "python_full_version < '3.10'" },
    { name = "importlib-metadata", version = "9.0.0", source = { registry = "https://pypi.org/simple" }, marker = "python_full_version >= '3.10' and python_full_version < '3.12'" },
    { name = "typing-extensions", marker = "python_full_version < '3.12'" },
]
sdist = { url = "https://files.pythonhosted.org/packages/3b/39/fc82b8200ed966f46442bb39df5d09f3f3fc4f9d786ad105e7b9d3c4dba2/relic_tool_core-2.4.0.tar.gz", hash = "sha256:208eae9fda45e8126664cd994eb1d9b24b1a04847829c871061e84f1fa6ecc70", size = 33941, upload-time = "2025-03-23T22:50:07.193Z" }
wheels = [
    { url = "https://files.pythonhosted.org/packages/58/b7/344074609657de92f2fc787411311af26f192fcb3435e3272e96ee64df6a/relic_tool_core-2.4.0-py3-none-any.whl", hash = "sha256:41e90bf5d0e9b2a0317b0f509264bb8f649cefce8e0b2fc087defde1d0cc8712", size = 33983, upload-time = "2025-03-23T22:50:06.011Z" },
]

[[package]]
name = "relic-tool-sga"
version = "2.0.1"
source = { registry = "https://pypi.org/simple" }
dependencies = [
    { name = "relic-tool-sga-core" },
]
sdist = { url = "https://files.pythonhosted.org/packages/7d/1d/dd9d19ab89b343454b641cb50b0fc3c790264009b78933b6214bc8ca0b5f/relic_tool_sga-2.0.1.tar.gz", hash = "sha256:b9fa7e1aed705de750dde0628a73946d95c415fa3c45b841bcd51c0b3692eb89", size = 14594, upload-time = "2025-03-11T08:07:47.096Z" }
wheels = [
    { url = "https://files.pythonhosted.org/packages/0b/db/090f67c26ea3e720b69913cb91ea2228c698382ba42e5b401d7314301e72/relic_tool_sga-2.0.1-py3-none-any.whl", hash = "sha256:6283ef7fff494e636f792434094256651883ee0a848ad91d9c926e4ff35e5123", size = 14240, upload-time = "2025-03-11T08:07:45.96Z" },
]

[[package]]
name = "relic-tool-sga-core"
version = "2.0.3"
source = { registry = "https://pypi.org/simple" }
dependencies = [
    { name = "fs" },
    { name = "relic-tool-core" },
]
sdist = { url = "https://files.pythonhosted.org/packages/f3/d6/736264f3a109a44e2d4441775f3639a7ca3b9b255cf4af2ce1d5474c6ae4/relic_tool_sga_core-2.0.3.tar.gz", hash = "sha256:f8184ac52ce65b6edaabe72c1a9ccd280efcfe12feda74680e54a236faf0669a", size = 26975, upload-time = "2025-03-14T21:22:17.863Z" }
wheels = [
    { url = "https://files.pythonhosted.org/packages/91/c0/46d2700319848cfc4222ebefcf6da7110d26b6ad790158acdee006fd6b8b/relic_tool_sga_core-2.0.3-py3-none-any.whl", hash = "sha256:5ed8f58396a0f6553c8296b3a9674d8b2bede75cf7c293bb7c8e0eb57c761089", size = 27219, upload-time = "2025-03-14T21:22:16.34Z" },
]

[[package]]
name = "relic-tool-sga-v2"
version = "2.1.0"
source = { registry = "https://pypi.org/simple" }
dependencies = [
    { name = "ply" },
    { name = "relic-tool-core" },
    { name = "relic-tool-sga-core" },
]
sdist = { url = "https://files.pythonhosted.org/packages/87/df/edfd8438d2ecebd907c8bdd7376b3b155f2a9240cbf401cfe9cb6dd883b0/relic_tool_sga_v2-2.1.0.tar.gz", hash = "sha256:49683962501b5976bf31ea841fed4fed61861cf2df2b9de0b5482e2cc937f73c", size = 59459, upload-time = "2025-03-10T07:37:28.096Z" }
wheels = [
    { url = "https://files.pythonhosted.org/packages/74/04/71bd9cf0ff1b3dc3f220531ce2bae64ab0c261caf06310153c8093b4043f/relic_tool_sga_v2-2.1.0-py3-none-any.whl", hash = "sha256:2e1cafca2762cbe04fe847f65fc349325d25f932f0b261dc2df6f18ab8fa683e", size = 55075, upload-time = "2025-03-10T07:37:26.45Z" },
]

[[package]]
name = "setuptools"
version = "82.0.1"
source = { registry = "https://pypi.org/simple" }
sdist = { url = "https://files.pythonhosted.org/packages/4f/db/cfac1baf10650ab4d1c111714410d2fbb77ac5a616db26775db562c8fab2/setuptools-82.0.1.tar.gz", hash = "sha256:7d872682c5d01cfde07da7bccc7b65469d3dca203318515ada1de5eda35efbf9", size = 1152316, upload-time = "2026-03-09T12:47:17.221Z" }
wheels = [
    { url = "https://files.pythonhosted.org/packages/9d/76/f789f7a86709c6b087c5a2f52f911838cad707cc613162401badc665acfe/setuptools-82.0.1-py3-none-any.whl", hash = "sha256:a59e362652f08dcd477c78bb6e7bd9d80a7995bc73ce773050228a348ce2e5bb", size = 1006223, upload-time = "2026-03-09T12:47:15.026Z" },
]

[[package]]
name = "six"
version = "1.17.0"
source = { registry = "https://pypi.org/simple" }
sdist = { url = "https://files.pythonhosted.org/packages/94/e7/b2c673351809dca68a0e064b6af791aa332cf192da575fd474ed7d6f16a2/six-1.17.0.tar.gz", hash = "sha256:ff70335d468e7eb6ec65b95b99d3a2836546063f63acc5171de367e834932a81", size = 34031, upload-time = "2024-12-04T17:35:28.174Z" }
wheels = [
    { url = "https://files.pythonhosted.org/packages/b7/ce/149a00dd41f10bc29e5921b496af8b574d8413afcd5e30dfa0ed46c2cc5e/six-1.17.0-py2.py3-none-any.whl", hash = "sha256:4721f391ed90541fddacab5acf947aa0d3dc7d27b2e1e8eda2be8970586c3274", size = 11050, upload-time = "2024-12-04T17:35:26.475Z" },
]

[[package]]
name = "typing-extensions"
version = "4.15.0"
source = { registry = "https://pypi.org/simple" }
sdist = { url = "https://files.pythonhosted.org/packages/72/94/1a15dd82efb362ac84269196e94cf00f187f7ed21c242792a923cdb1c61f/typing_extensions-4.15.0.tar.gz", hash = "sha256:0cea48d173cc12fa28ecabc3b837ea3cf6f38c6d1136f85cbaaf598984861466", size = 109391, upload-time = "2025-08-25T13:49:26.313Z" }
wheels = [
    { url = "https://files.pythonhosted.org/packages/18/67/36e9267722cc04a6b9f15c7f3441c2363321a3ea07da7ae0c0707beb2a9c/typing_extensions-4.15.0-py3-none-any.whl", hash = "sha256:f0fa19c6845758ab08074a0cfa8b7aecb71c999ca73d62883bc25cc018c4e548", size = 44614, upload-time = "2025-08-25T13:49:24.86Z" },
]

[[package]]
name = "wh40k-dow-de-tc-mod"
version = "1.0.0"
source = { editable = "." }

[package.optional-dependencies]
sga = [
    { name = "relic-tool-sga" },
    { name = "relic-tool-sga-v2" },
]

[package.metadata]
requires-dist = [
    { name = "relic-tool-sga", marker = "extra == 'sga'" },
    { name = "relic-tool-sga-v2", marker = "extra == 'sga'" },
]
provides-extras = ["sga"]

[[package]]
name = "zipp"
version = "3.23.1"
source = { registry = "https://pypi.org/simple" }
resolution-markers = [
    "python_full_version < '3.10'",
]
sdist = { url = "https://files.pythonhosted.org/packages/30/21/093488dfc7cc8964ded15ab726fad40f25fd3d788fd741cc1c5a17d78ee8/zipp-3.23.1.tar.gz", hash = "sha256:32120e378d32cd9714ad503c1d024619063ec28aad2248dc6672ad13edfa5110", size = 25965, upload-time = "2026-04-13T23:21:46.6Z" }
wheels = [
    { url = "https://files.pythonhosted.org/packages/08/8a/0861bec20485572fbddf3dfba2910e38fe249796cb73ecdeb74e07eeb8d3/zipp-3.23.1-py3-none-any.whl", hash = "sha256:0b3596c50a5c700c9cb40ba8d86d9f2cc4807e9bedb06bcdf7fac85633e444dc", size = 10378, upload-time = "2026-04-13T23:21:45.386Z" },
]

[[package]]
name = "zipp"
version = "4.1.0"
source = { registry = "https://pypi.org/simple" }
resolution-markers = [
    "python_full_version >= '3.10'",
]
sdist = { url = "https://files.pythonhosted.org/packages/b9/d8/eab98a517c14134c0b2eb4e2387bc5f457334293ec5d2dd3857ec2966802/zipp-4.1.0.tar.gz", hash = "sha256:4cb57381f544315db7688e976e922a2b18cdb513d21cc194eb42232ba2a3e602", size = 26214, upload-time = "2026-05-18T20:08:57.967Z" }
wheels = [
    { url = "https://files.pythonhosted.org/packages/3a/13/547360d81e6d88d58492968ffda9f9542854f11310ee556fef14260cc886/zipp-4.1.0-py3-none-any.whl", hash = "sha256:25ad4e16390cd314347dd8f1de67a2ac538ae658ed4ab9db16029c07c188e97f", size = 10238, upload-time = "2026-05-18T20:08:57.045Z" },
]
